
Microsoft Visual Studio Solution File, Format Version 12.00
Project("{FAE04EC0-301F-11D3-BF4B-00C04F79EFBC}") = "BattleShip.WebAPI", "BattleShip.WebAPI\BattleShip.WebAPI.csproj", "{06195C19-4E34-4366-96CF-9EC7166ABA7E}"
EndProject
Global
	GlobalSection(SolutionConfigurationPlatforms) = preSolution
		Debug|Any CPU = Debug|Any CPU
		Release|Any CPU = Release|Any CPU
	EndGlobalSection
	GlobalSection(ProjectConfigurationPlatforms) = postSolution
		{06195C19-4E34-4366-96CF-9EC7166ABA7E}.Debug|Any CPU.ActiveCfg = Debug|Any CPU
		{06195C19-4E34-4366-96CF-9EC7166ABA7E}.Debug|Any CPU.Build.0 = Debug|Any CPU
		{06195C19-4E34-4366-96CF-9EC7166ABA7E}.Release|Any CPU.ActiveCfg = Release|Any CPU
		{06195C19-4E34-4366-96CF-9EC7166ABA7E}.Release|Any CPU.Build.0 = Release|Any CPU
	EndGlobalSection
EndGlobal
